
Microsoft Visual Studio Solution File, Format Version 12.00
# Visual Studio 15
VisualStudioVersion = 15.0.27130.2027
MinimumVisualStudioVersion = 10.0.40219.1
Project("{FAE04EC0-301F-11D3-BF4B-00C04F79EFBC}") = "enova365.GitExtension", "enova365.GitExtension\enova365.GitExtension.csproj", "{1F3ABE16-2144-46C6-BC49-27B0D4D6C493}"
EndProject
Global
	GlobalSection(SolutionConfigurationPlatforms) = preSolution
		Debug|Any CPU = Debug|Any CPU
		Release|Any CPU = Release|Any CPU
	EndGlobalSection
	GlobalSection(ProjectConfigurationPlatforms) = postSolution
		{1F3ABE16-2144-46C6-BC49-27B0D4D6C493}.Debug|Any CPU.ActiveCfg = Debug|Any CPU
		{1F3ABE16-2144-46C6-BC49-27B0D4D6C493}.Debug|Any CPU.Build.0 = Debug|Any CPU
		{1F3ABE16-2144-46C6-BC49-27B0D4D6C493}.Release|Any CPU.ActiveCfg = Release|Any CPU
		{1F3ABE16-2144-46C6-BC49-27B0D4D6C493}.Release|Any CPU.Build.0 = Release|Any CPU
	EndGlobalSection
	GlobalSection(SolutionProperties) = preSolution
		HideSolutionNode = FALSE
	EndGlobalSection
	GlobalSection(ExtensibilityGlobals) = postSolution
		SolutionGuid = {15D8F19F-8B3C-460F-899D-C717C9D217B3}
	EndGlobalSection
EndGlobal
